
Microsoft Visual Studio Solution File, Format Version 12.00
# Visual Studio Version 17
VisualStudioVersion = 17.1.32319.34
MinimumVisualStudioVersion = 10.0.40219.1
Project("{FAE04EC0-301F-11D3-BF4B-00C04F79EFBC}") = "loginscrenn", "loginscrenn\loginscrenn.csproj", "{E9A8BE66-5B8B-49A9-9079-B8EFE48AAADC}"
EndProject
Global
	GlobalSection(SolutionConfigurationPlatforms) = preSolution
		Debug|Any CPU = Debug|Any CPU
		Release|Any CPU = Release|Any CPU
	EndGlobalSection
	GlobalSection(ProjectConfigurationPlatforms) = postSolution
		{E9A8BE66-5B8B-49A9-9079-B8EFE48AAADC}.Debug|Any CPU.ActiveCfg = Debug|Any CPU
		{E9A8BE66-5B8B-49A9-9079-B8EFE48AAADC}.Debug|Any CPU.Build.0 = Debug|Any CPU
		{E9A8BE66-5B8B-49A9-9079-B8EFE48AAADC}.Release|Any CPU.ActiveCfg = Release|Any CPU
		{E9A8BE66-5B8B-49A9-9079-B8EFE48AAADC}.Release|Any CPU.Build.0 = Release|Any CPU
	EndGlobalSection
	GlobalSection(SolutionProperties) = preSolution
		HideSolutionNode = FALSE
	EndGlobalSection
	GlobalSection(ExtensibilityGlobals) = postSolution
		SolutionGuid = {89278213-344C-4E7F-AA44-57152A69D104}
	EndGlobalSection
EndGlobal
